
Microsoft Visual Studio Solution File, Format Version 12.00
# Visual Studio 15
VisualStudioVersion = 15.0.27703.2026
MinimumVisualStudioVersion = 10.0.40219.1
Project("{FAE04EC0-301F-11D3-BF4B-00C04F79EFBC}") = "HT.FirstApp.Android", "HT.FirstApp\HT.FirstApp.Android\HT.FirstApp.Android.csproj", "{C5F476EA-9D24-4C10-BE0E-4D219973C076}"
EndProject
Project("{FAE04EC0-301F-11D3-BF4B-00C04F79EFBC}") = "HT.FirstApp.iOS", "HT.FirstApp\HT.FirstApp.iOS\HT.FirstApp.iOS.csproj", "{AEC2D926-F116-4C25-9786-4B2F93E36C56}"
EndProject
Project("{FAE04EC0-301F-11D3-BF4B-00C04F79EFBC}") = "HT.FirstApp.UWP", "HT.FirstApp\HT.FirstApp.UWP\HT.FirstApp.UWP.csproj", "{13859849-A683-4781-ADBF-E6FC71DD23D9}"
EndProject
Project("{FAE04EC0-301F-11D3-BF4B-00C04F79EFBC}") = "HT.FirstApp", "HT.FirstApp\HT.FirstApp\HT.FirstApp.csproj", "{BFF9B35C-3A8C-489B-858D-E361EF40E986}"
EndProject
Project("{FAE04EC0-301F-11D3-BF4B-00C04F79EFBC}") = "Binding_XgPush", "Binding_XgPush\Binding_XgPush.csproj", "{3A5BA8C0-F548-4C1F-9082-297ABCF7E3DF}"
EndProject
Project("{FAE04EC0-301F-11D3-BF4B-00C04F79EFBC}") = "UMeng.Share.Android", "UMeng.Share.Android\UMeng.Share.Android.csproj", "{DE352EE7-3D09-4F2E-8C5F-199C5873B3F8}"
EndProject
Global
	GlobalSection(SolutionConfigurationPlatforms) = preSolution
		Ad-Hoc|Any CPU = Ad-Hoc|Any CPU
		Ad-Hoc|ARM = Ad-Hoc|ARM
		Ad-Hoc|iPhone = Ad-Hoc|iPhone
		Ad-Hoc|iPhoneSimulator = Ad-Hoc|iPhoneSimulator
		Ad-Hoc|x64 = Ad-Hoc|x64
		Ad-Hoc|x86 = Ad-Hoc|x86
		AppStore|Any CPU = AppStore|Any CPU
		AppStore|ARM = AppStore|ARM
		AppStore|iPhone = AppStore|iPhone
		AppStore|iPhoneSimulator = AppStore|iPhoneSimulator
		AppStore|x64 = AppStore|x64
		AppStore|x86 = AppStore|x86
		Debug|Any CPU = Debug|Any CPU
		Debug|ARM = Debug|ARM
		Debug|iPhone = Debug|iPhone
		Debug|iPhoneSimulator = Debug|iPhoneSimulator
		Debug|x64 = Debug|x64
		Debug|x86 = Debug|x86
		Release|Any CPU = Release|Any CPU
		Release|ARM = Release|ARM
		Release|iPhone = Release|iPhone
		Release|iPhoneSimulator = Release|iPhoneSimulator
		Release|x64 = Release|x64
		Release|x86 = Release|x86
	EndGlobalSection
	GlobalSection(ProjectConfigurationPlatforms) = postSolution
		{C5F476EA-9D24-4C10-BE0E-4D219973C076}.Ad-Hoc|Any CPU.ActiveCfg = Release|Any CPU
		{C5F476EA-9D24-4C10-BE0E-4D219973C076}.Ad-Hoc|Any CPU.Build.0 = Release|Any CPU
		{C5F476EA-9D24-4C10-BE0E-4D219973C076}.Ad-Hoc|Any CPU.Deploy.0 = Release|Any CPU
		{C5F476EA-9D24-4C10-BE0E-4D219973C076}.Ad-Hoc|ARM.ActiveCfg = Release|Any CPU
		{C5F476EA-9D24-4C10-BE0E-4D219973C076}.Ad-Hoc|ARM.Build.0 = Release|Any CPU
		{C5F476EA-9D24-4C10-BE0E-4D219973C076}.Ad-Hoc|ARM.Deploy.0 = Release|Any CPU
		{C5F476EA-9D24-4C10-BE0E-4D219973C076}.Ad-Hoc|iPhone.ActiveCfg = Release|Any CPU
		{C5F476EA-9D24-4C10-BE0E-4D219973C076}.Ad-Hoc|iPhone.Build.0 = Release|Any CPU
		{C5F476EA-9D24-4C10-BE0E-4D219973C076}.Ad-Hoc|iPhone.Deploy.0 = Release|Any CPU
		{C5F476EA-9D24-4C10-BE0E-4D219973C076}.Ad-Hoc|iPhoneSimulator.ActiveCfg = Release|Any CPU
		{C5F476EA-9D24-4C10-BE0E-4D219973C076}.Ad-Hoc|iPhoneSimulator.Build.0 = Release|Any CPU
		{C5F476EA-9D24-4C10-BE0E-4D219973C076}.Ad-Hoc|iPhoneSimulator.Deploy.0 = Release|Any CPU
		{C5F476EA-9D24-4C10-BE0E-4D219973C076}.Ad-Hoc|x64.ActiveCfg = Release|Any CPU
		{C5F476EA-9D24-4C10-BE0E-4D219973C076}.Ad-Hoc|x64.Build.0 = Release|Any CPU
		{C5F476EA-9D24-4C10-BE0E-4D219973C076}.Ad-Hoc|x64.Deploy.0 = Release|Any CPU
		{C5F476EA-9D24-4C10-BE0E-4D219973C076}.Ad-Hoc|x86.ActiveCfg = Release|Any CPU
		{C5F476EA-9D24-4C10-BE0E-4D219973C076}.Ad-Hoc|x86.Build.0 = Release|Any CPU
		{C5F476EA-9D24-4C10-BE0E-4D219973C076}.Ad-Hoc|x86.Deploy.0 = Release|Any CPU
		{C5F476EA-9D24-4C10-BE0E-4D219973C076}.AppStore|Any CPU.ActiveCfg = Release|Any CPU
		{C5F476EA-9D24-4C10-BE0E-4D219973C076}.AppStore|Any CPU.Build.0 = Release|Any CPU
		{C5F476EA-9D24-4C10-BE0E-4D219973C076}.AppStore|Any CPU.Deploy.0 = Release|Any CPU
		{C5F476EA-9D24-4C10-BE0E-4D219973C076}.AppStore|ARM.ActiveCfg = Release|Any CPU
		{C5F476EA-9D24-4C10-BE0E-4D219973C076}.AppStore|ARM.Build.0 = Release|Any CPU
		{C5F476EA-9D24-4C10-BE0E-4D219973C076}.AppStore|ARM.Deploy.0 = Release|Any CPU
		{C5F476EA-9D24-4C10-BE0E-4D219973C076}.AppStore|iPhone.ActiveCfg = Release|Any CPU
		{C5F476EA-9D24-4C10-BE0E-4D219973C076}.AppStore|iPhone.Build.0 = Release|Any CPU
		{C5F476EA-9D24-4C10-BE0E-4D219973C076}.AppStore|iPhone.Deploy.0 = Release|Any CPU
		{C5F476EA-9D24-4C10-BE0E-4D219973C076}.AppStore|iPhoneSimulator.ActiveCfg = Release|Any CPU
		{C5F476EA-9D24-4C10-BE0E-4D219973C076}.AppStore|iPhoneSimulator.Build.0 = Release|Any CPU
		{C5F476EA-9D24-4C10-BE0E-4D219973C076}.AppStore|iPhoneSimulator.Deploy.0 = Release|Any CPU
		{C5F476EA-9D24-4C10-BE0E-4D219973C076}.AppStore|x64.ActiveCfg = Release|Any CPU
		{C5F476EA-9D24-4C10-BE0E-4D219973C076}.AppStore|x64.Build.0 = Release|Any CPU
		{C5F476EA-9D24-4C10-BE0E-4D219973C076}.AppStore|x64.Deploy.0 = Release|Any CPU
		{C5F476EA-9D24-4C10-BE0E-4D219973C076}.AppStore|x86.ActiveCfg = Release|Any CPU
		{C5F476EA-9D24-4C10-BE0E-4D219973C076}.AppStore|x86.Build.0 = Release|Any CPU
		{C5F476EA-9D24-4C10-BE0E-4D219973C076}.AppStore|x86.Deploy.0 = Release|Any CPU
		{C5F476EA-9D24-4C10-BE0E-4D219973C076}.Debug|Any CPU.ActiveCfg = Debug|Any CPU
		{C5F476EA-9D24-4C10-BE0E-4D219973C076}.Debug|Any CPU.Build.0 = Debug|Any CPU
		{C5F476EA-9D24-4C10-BE0E-4D219973C076}.Debug|Any CPU.Deploy.0 = Debug|Any CPU
		{C5F476EA-9D24-4C10-BE0E-4D219973C076}.Debug|ARM.ActiveCfg = Debug|Any CPU
		{C5F476EA-9D24-4C10-BE0E-4D219973C076}.Debug|ARM.Build.0 = Debug|Any CPU
		{C5F476EA-9D24-4C10-BE0E-4D219973C076}.Debug|ARM.Deploy.0 = Debug|Any CPU
		{C5F476EA-9D24-4C10-BE0E-4D219973C076}.Debug|iPhone.ActiveCfg = Debug|Any CPU
		{C5F476EA-9D24-4C10-BE0E-4D219973C076}.Debug|iPhone.Build.0 = Debug|Any CPU
		{C5F476EA-9D24-4C10-BE0E-4D219973C076}.Debug|iPhone.Deploy.0 = Debug|Any CPU
		{C5F476EA-9D24-4C10-BE0E-4D219973C076}.Debug|iPhoneSimulator.ActiveCfg = Debug|Any CPU
		{C5F476EA-9D24-4C10-BE0E-4D219973C076}.Debug|iPhoneSimulator.Build.0 = Debug|Any CPU
		{C5F476EA-9D24-4C10-BE0E-4D219973C076}.Debug|iPhoneSimulator.Deploy.0 = Debug|Any CPU
		{C5F476EA-9D24-4C10-BE0E-4D219973C076}.Debug|x64.ActiveCfg = Debug|Any CPU
		{C5F476EA-9D24-4C10-BE0E-4D219973C076}.Debug|x64.Build.0 = Debug|Any CPU
		{C5F476EA-9D24-4C10-BE0E-4D219973C076}.Debug|x64.Deploy.0 = Debug|Any CPU
		{C5F476EA-9D24-4C10-BE0E-4D219973C076}.Debug|x86.ActiveCfg = Debug|Any CPU
		{C5F476EA-9D24-4C10-BE0E-4D219973C076}.Debug|x86.Build.0 = Debug|Any CPU
		{C5F476EA-9D24-4C10-BE0E-4D219973C076}.Debug|x86.Deploy.0 = Debug|Any CPU
		{C5F476EA-9D24-4C10-BE0E-4D219973C076}.Release|Any CPU.ActiveCfg = Release|Any CPU
		{C5F476EA-9D24-4C10-BE0E-4D219973C076}.Release|Any CPU.Build.0 = Release|Any CPU
		{C5F476EA-9D24-4C10-BE0E-4D219973C076}.Release|Any CPU.Deploy.0 = Release|Any CPU
		{C5F476EA-9D24-4C10-BE0E-4D219973C076}.Release|ARM.ActiveCfg = Release|Any CPU
		{C5F476EA-9D24-4C10-BE0E-4D219973C076}.Release|ARM.Build.0 = Release|Any CPU
		{C5F476EA-9D24-4C10-BE0E-4D219973C076}.Release|ARM.Deploy.0 = Release|Any CPU
		{C5F476EA-9D24-4C10-BE0E-4D219973C076}.Release|iPhone.ActiveCfg = Release|Any CPU
		{C5F476EA-9D24-4C10-BE0E-4D219973C076}.Release|iPhone.Build.0 = Release|Any CPU
		{C5F476EA-9D24-4C10-BE0E-4D219973C076}.Release|iPhone.Deploy.0 = Release|Any CPU
		{C5F476EA-9D24-4C10-BE0E-4D219973C076}.Release|iPhoneSimulator.ActiveCfg = Release|Any CPU
		{C5F476EA-9D24-4C10-BE0E-4D219973C076}.Release|iPhoneSimulator.Build.0 = Release|Any CPU
		{C5F476EA-9D24-4C10-BE0E-4D219973C076}.Release|iPhoneSimulator.Deploy.0 = Release|Any CPU
		{C5F476EA-9D24-4C10-BE0E-4D219973C076}.Release|x64.ActiveCfg = Release|Any CPU
		{C5F476EA-9D24-4C10-BE0E-4D219973C076}.Release|x64.Build.0 = Release|Any CPU
		{C5F476EA-9D24-4C10-BE0E-4D219973C076}.Release|x64.Deploy.0 = Release|Any CPU
		{C5F476EA-9D24-4C10-BE0E-4D219973C076}.Release|x86.ActiveCfg = Release|Any CPU
		{C5F476EA-9D24-4C10-BE0E-4D219973C076}.Release|x86.Build.0 = Release|Any CPU
		{C5F476EA-9D24-4C10-BE0E-4D219973C076}.Release|x86.Deploy.0 = Release|Any CPU
		{AEC2D926-F116-4C25-9786-4B2F93E36C56}.Ad-Hoc|Any CPU.ActiveCfg = Ad-Hoc|iPhone
		{AEC2D926-F116-4C25-9786-4B2F93E36C56}.Ad-Hoc|Any CPU.Build.0 = Ad-Hoc|iPhone
		{AEC2D926-F116-4C25-9786-4B2F93E36C56}.Ad-Hoc|Any CPU.Deploy.0 = Ad-Hoc|iPhone
		{AEC2D926-F116-4C25-9786-4B2F93E36C56}.Ad-Hoc|ARM.ActiveCfg = Ad-Hoc|iPhone
		{AEC2D926-F116-4C25-9786-4B2F93E36C56}.Ad-Hoc|ARM.Build.0 = Ad-Hoc|iPhone
		{AEC2D926-F116-4C25-9786-4B2F93E36C56}.Ad-Hoc|ARM.Deploy.0 = Ad-Hoc|iPhone
		{AEC2D926-F116-4C25-9786-4B2F93E36C56}.Ad-Hoc|iPhone.ActiveCfg = Ad-Hoc|iPhone
		{AEC2D926-F116-4C25-9786-4B2F93E36C56}.Ad-Hoc|iPhone.Build.0 = Ad-Hoc|iPhone
		{AEC2D926-F116-4C25-9786-4B2F93E36C56}.Ad-Hoc|iPhone.Deploy.0 = Ad-Hoc|iPhone
		{AEC2D926-F116-4C25-9786-4B2F93E36C56}.Ad-Hoc|iPhoneSimulator.ActiveCfg = Ad-Hoc|iPhoneSimulator
		{AEC2D926-F116-4C25-9786-4B2F93E36C56}.Ad-Hoc|iPhoneSimulator.Build.0 = Ad-Hoc|iPhoneSimulator
		{AEC2D926-F116-4C25-9786-4B2F93E36C56}.Ad-Hoc|iPhoneSimulator.Deploy.0 = Ad-Hoc|iPhoneSimulator
		{AEC2D926-F116-4C25-9786-4B2F93E36C56}.Ad-Hoc|x64.ActiveCfg = Ad-Hoc|iPhone
		{AEC2D926-F116-4C25-9786-4B2F93E36C56}.Ad-Hoc|x64.Build.0 = Ad-Hoc|iPhone
		{AEC2D926-F116-4C25-9786-4B2F93E36C56}.Ad-Hoc|x64.Deploy.0 = Ad-Hoc|iPhone
		{AEC2D926-F116-4C25-9786-4B2F93E36C56}.Ad-Hoc|x86.ActiveCfg = Ad-Hoc|iPhone
		{AEC2D926-F116-4C25-9786-4B2F93E36C56}.Ad-Hoc|x86.Build.0 = Ad-Hoc|iPhone
		{AEC2D926-F116-4C25-9786-4B2F93E36C56}.Ad-Hoc|x86.Deploy.0 = Ad-Hoc|iPhone
		{AEC2D926-F116-4C25-9786-4B2F93E36C56}.AppStore|Any CPU.ActiveCfg = AppStore|iPhone
		{AEC2D926-F116-4C25-9786-4B2F93E36C56}.AppStore|Any CPU.Build.0 = AppStore|iPhone
		{AEC2D926-F116-4C25-9786-4B2F93E36C56}.AppStore|Any CPU.Deploy.0 = AppStore|iPhone
		{AEC2D926-F116-4C25-9786-4B2F93E36C56}.AppStore|ARM.ActiveCfg = AppStore|iPhone
		{AEC2D926-F116-4C25-9786-4B2F93E36C56}.AppStore|ARM.Build.0 = AppStore|iPhone
		{AEC2D926-F116-4C25-9786-4B2F93E36C56}.AppStore|ARM.Deploy.0 = AppStore|iPhone
		{AEC2D926-F116-4C25-9786-4B2F93E36C56}.AppStore|iPhone.ActiveCfg = AppStore|iPhone
		{AEC2D926-F116-4C25-9786-4B2F93E36C56}.AppStore|iPhone.Build.0 = AppStore|iPhone
		{AEC2D926-F116-4C25-9786-4B2F93E36C56}.AppStore|iPhone.Deploy.0 = AppStore|iPhone
		{AEC2D926-F116-4C25-9786-4B2F93E36C56}.AppStore|iPhoneSimulator.ActiveCfg = AppStore|iPhoneSimulator
		{AEC2D926-F116-4C25-9786-4B2F93E36C56}.AppStore|iPhoneSimulator.Build.0 = AppStore|iPhoneSimulator
		{AEC2D926-F116-4C25-9786-4B2F93E36C56}.AppStore|iPhoneSimulator.Deploy.0 = AppStore|iPhoneSimulator
		{AEC2D926-F116-4C25-9786-4B2F93E36C56}.AppStore|x64.ActiveCfg = AppStore|iPhone
		{AEC2D926-F116-4C25-9786-4B2F93E36C56}.AppStore|x64.Build.0 = AppStore|iPhone
		{AEC2D926-F116-4C25-9786-4B2F93E36C56}.AppStore|x64.Deploy.0 = AppStore|iPhone
		{AEC2D926-F116-4C25-9786-4B2F93E36C56}.AppStore|x86.ActiveCfg = AppStore|iPhone
		{AEC2D926-F116-4C25-9786-4B2F93E36C56}.AppStore|x86.Build.0 = AppStore|iPhone
		{AEC2D926-F116-4C25-9786-4B2F93E36C56}.AppStore|x86.Deploy.0 = AppStore|iPhone
		{AEC2D926-F116-4C25-9786-4B2F93E36C56}.Debug|Any CPU.ActiveCfg = Debug|iPhoneSimulator
		{AEC2D926-F116-4C25-9786-4B2F93E36C56}.Debug|Any CPU.Build.0 = Debug|iPhoneSimulator
		{AEC2D926-F116-4C25-9786-4B2F93E36C56}.Debug|Any CPU.Deploy.0 = Debug|iPhoneSimulator
		{AEC2D926-F116-4C25-9786-4B2F93E36C56}.Debug|ARM.ActiveCfg = Debug|iPhone
		{AEC2D926-F116-4C25-9786-4B2F93E36C56}.Debug|ARM.Build.0 = Debug|iPhone
		{AEC2D926-F116-4C25-9786-4B2F93E36C56}.Debug|ARM.Deploy.0 = Debug|iPhone
		{AEC2D926-F116-4C25-9786-4B2F93E36C56}.Debug|iPhone.ActiveCfg = Debug|iPhone
		{AEC2D926-F116-4C25-9786-4B2F93E36C56}.Debug|iPhone.Build.0 = Debug|iPhone
		{AEC2D926-F116-4C25-9786-4B2F93E36C56}.Debug|iPhone.Deploy.0 = Debug|iPhone
		{AEC2D926-F116-4C25-9786-4B2F93E36C56}.Debug|iPhoneSimulator.ActiveCfg = Debug|iPhoneSimulator
		{AEC2D926-F116-4C25-9786-4B2F93E36C56}.Debug|iPhoneSimulator.Build.0 = Debug|iPhoneSimulator
		{AEC2D926-F116-4C25-9786-4B2F93E36C56}.Debug|iPhoneSimulator.Deploy.0 = Debug|iPhoneSimulator
		{AEC2D926-F116-4C25-9786-4B2F93E36C56}.Debug|x64.ActiveCfg = Debug|iPhone
		{AEC2D926-F116-4C25-9786-4B2F93E36C56}.Debug|x64.Build.0 = Debug|iPhone
		{AEC2D926-F116-4C25-9786-4B2F93E36C56}.Debug|x64.Deploy.0 = Debug|iPhone
		{AEC2D926-F116-4C25-9786-4B2F93E36C56}.Debug|x86.ActiveCfg = Debug|iPhone
		{AEC2D926-F116-4C25-9786-4B2F93E36C56}.Debug|x86.Build.0 = Debug|iPhone
		{AEC2D926-F116-4C25-9786-4B2F93E36C56}.Debug|x86.Deploy.0 = Debug|iPhone
		{AEC2D926-F116-4C25-9786-4B2F93E36C56}.Release|Any CPU.ActiveCfg = Release|iPhone
		{AEC2D926-F116-4C25-9786-4B2F93E36C56}.Release|Any CPU.Build.0 = Release|iPhone
		{AEC2D926-F116-4C25-9786-4B2F93E36C56}.Release|Any CPU.Deploy.0 = Release|iPhone
		{AEC2D926-F116-4C25-9786-4B2F93E36C56}.Release|ARM.ActiveCfg = Release|iPhone
		{AEC2D926-F116-4C25-9786-4B2F93E36C56}.Release|ARM.Build.0 = Release|iPhone
		{AEC2D926-F116-4C25-9786-4B2F93E36C56}.Release|ARM.Deploy.0 = Release|iPhone
		{AEC2D926-F116-4C25-9786-4B2F93E36C56}.Release|iPhone.ActiveCfg = Release|iPhone
		{AEC2D926-F116-4C25-9786-4B2F93E36C56}.Release|iPhone.Build.0 = Release|iPhone
		{AEC2D926-F116-4C25-9786-4B2F93E36C56}.Release|iPhone.Deploy.0 = Release|iPhone
		{AEC2D926-F116-4C25-9786-4B2F93E36C56}.Release|iPhoneSimulator.ActiveCfg = Release|iPhoneSimulator
		{AEC2D926-F116-4C25-9786-4B2F93E36C56}.Release|iPhoneSimulator.Build.0 = Release|iPhoneSimulator
		{AEC2D926-F116-4C25-9786-4B2F93E36C56}.Release|iPhoneSimulator.Deploy.0 = Release|iPhoneSimulator
		{AEC2D926-F116-4C25-9786-4B2F93E36C56}.Release|x64.ActiveCfg = Release|iPhone
		{AEC2D926-F116-4C25-9786-4B2F93E36C56}.Release|x64.Build.0 = Release|iPhone
		{AEC2D926-F116-4C25-9786-4B2F93E36C56}.Release|x64.Deploy.0 = Release|iPhone
		{AEC2D926-F116-4C25-9786-4B2F93E36C56}.Release|x86.ActiveCfg = Release|iPhone
		{AEC2D926-F116-4C25-9786-4B2F93E36C56}.Release|x86.Build.0 = Release|iPhone
		{AEC2D926-F116-4C25-9786-4B2F93E36C56}.Release|x86.Deploy.0 = Release|iPhone
		{13859849-A683-4781-ADBF-E6FC71DD23D9}.Ad-Hoc|Any CPU.ActiveCfg = Release|x86
		{13859849-A683-4781-ADBF-E6FC71DD23D9}.Ad-Hoc|Any CPU.Build.0 = Release|x86
		{13859849-A683-4781-ADBF-E6FC71DD23D9}.Ad-Hoc|Any CPU.Deploy.0 = Release|x86
		{13859849-A683-4781-ADBF-E6FC71DD23D9}.Ad-Hoc|ARM.ActiveCfg = Release|ARM
		{13859849-A683-4781-ADBF-E6FC71DD23D9}.Ad-Hoc|ARM.Build.0 = Release|ARM
		{13859849-A683-4781-ADBF-E6FC71DD23D9}.Ad-Hoc|ARM.Deploy.0 = Release|ARM
		{13859849-A683-4781-ADBF-E6FC71DD23D9}.Ad-Hoc|iPhone.ActiveCfg = Release|x86
		{13859849-A683-4781-ADBF-E6FC71DD23D9}.Ad-Hoc|iPhone.Build.0 = Release|x86
		{13859849-A683-4781-ADBF-E6FC71DD23D9}.Ad-Hoc|iPhone.Deploy.0 = Release|x86
		{13859849-A683-4781-ADBF-E6FC71DD23D9}.Ad-Hoc|iPhoneSimulator.ActiveCfg = Release|x86
		{13859849-A683-4781-ADBF-E6FC71DD23D9}.Ad-Hoc|iPhoneSimulator.Build.0 = Release|x86
		{13859849-A683-4781-ADBF-E6FC71DD23D9}.Ad-Hoc|iPhoneSimulator.Deploy.0 = Release|x86
		{13859849-A683-4781-ADBF-E6FC71DD23D9}.Ad-Hoc|x64.ActiveCfg = Release|x64
		{13859849-A683-4781-ADBF-E6FC71DD23D9}.Ad-Hoc|x64.Build.0 = Release|x64
		{13859849-A683-4781-ADBF-E6FC71DD23D9}.Ad-Hoc|x64.Deploy.0 = Release|x64
		{13859849-A683-4781-ADBF-E6FC71DD23D9}.Ad-Hoc|x86.ActiveCfg = Release|x86
		{13859849-A683-4781-ADBF-E6FC71DD23D9}.Ad-Hoc|x86.Build.0 = Release|x86
		{13859849-A683-4781-ADBF-E6FC71DD23D9}.Ad-Hoc|x86.Deploy.0 = Release|x86
		{13859849-A683-4781-ADBF-E6FC71DD23D9}.AppStore|Any CPU.ActiveCfg = Release|x86
		{13859849-A683-4781-ADBF-E6FC71DD23D9}.AppStore|Any CPU.Build.0 = Release|x86
		{13859849-A683-4781-ADBF-E6FC71DD23D9}.AppStore|Any CPU.Deploy.0 = Release|x86
		{13859849-A683-4781-ADBF-E6FC71DD23D9}.AppStore|ARM.ActiveCfg = Release|ARM
		{13859849-A683-4781-ADBF-E6FC71DD23D9}.AppStore|ARM.Build.0 = Release|ARM
		{13859849-A683-4781-ADBF-E6FC71DD23D9}.AppStore|ARM.Deploy.0 = Release|ARM
		{13859849-A683-4781-ADBF-E6FC71DD23D9}.AppStore|iPhone.ActiveCfg = Release|x86
		{13859849-A683-4781-ADBF-E6FC71DD23D9}.AppStore|iPhone.Build.0 = Release|x86
		{13859849-A683-4781-ADBF-E6FC71DD23D9}.AppStore|iPhone.Deploy.0 = Release|x86
		{13859849-A683-4781-ADBF-E6FC71DD23D9}.AppStore|iPhoneSimulator.ActiveCfg = Release|x86
		{13859849-A683-4781-ADBF-E6FC71DD23D9}.AppStore|iPhoneSimulator.Build.0 = Release|x86
		{13859849-A683-4781-ADBF-E6FC71DD23D9}.AppStore|iPhoneSimulator.Deploy.0 = Release|x86
		{13859849-A683-4781-ADBF-E6FC71DD23D9}.AppStore|x64.ActiveCfg = Release|x64
		{13859849-A683-4781-ADBF-E6FC71DD23D9}.AppStore|x64.Build.0 = Release|x64
		{13859849-A683-4781-ADBF-E6FC71DD23D9}.AppStore|x64.Deploy.0 = Release|x64
		{13859849-A683-4781-ADBF-E6FC71DD23D9}.AppStore|x86.ActiveCfg = Release|x86
		{13859849-A683-4781-ADBF-E6FC71DD23D9}.AppStore|x86.Build.0 = Release|x86
		{13859849-A683-4781-ADBF-E6FC71DD23D9}.AppStore|x86.Deploy.0 = Release|x86
		{13859849-A683-4781-ADBF-E6FC71DD23D9}.Debug|Any CPU.ActiveCfg = Debug|x86
		{13859849-A683-4781-ADBF-E6FC71DD23D9}.Debug|Any CPU.Build.0 = Debug|x86
		{13859849-A683-4781-ADBF-E6FC71DD23D9}.Debug|Any CPU.Deploy.0 = Debug|x86
		{13859849-A683-4781-ADBF-E6FC71DD23D9}.Debug|ARM.ActiveCfg = Debug|ARM
		{13859849-A683-4781-ADBF-E6FC71DD23D9}.Debug|ARM.Build.0 = Debug|ARM
		{13859849-A683-4781-ADBF-E6FC71DD23D9}.Debug|ARM.Deploy.0 = Debug|ARM
		{13859849-A683-4781-ADBF-E6FC71DD23D9}.Debug|iPhone.ActiveCfg = Debug|x86
		{13859849-A683-4781-ADBF-E6FC71DD23D9}.Debug|iPhone.Build.0 = Debug|x86
		{13859849-A683-4781-ADBF-E6FC71DD23D9}.Debug|iPhone.Deploy.0 = Debug|x86
		{13859849-A683-4781-ADBF-E6FC71DD23D9}.Debug|iPhoneSimulator.ActiveCfg = Debug|x86
		{13859849-A683-4781-ADBF-E6FC71DD23D9}.Debug|iPhoneSimulator.Build.0 = Debug|x86
		{13859849-A683-4781-ADBF-E6FC71DD23D9}.Debug|iPhoneSimulator.Deploy.0 = Debug|x86
		{13859849-A683-4781-ADBF-E6FC71DD23D9}.Debug|x64.ActiveCfg = Debug|x64
		{13859849-A683-4781-ADBF-E6FC71DD23D9}.Debug|x64.Build.0 = Debug|x64
		{13859849-A683-4781-ADBF-E6FC71DD23D9}.Debug|x64.Deploy.0 = Debug|x64
		{13859849-A683-4781-ADBF-E6FC71DD23D9}.Debug|x86.ActiveCfg = Debug|x86
		{13859849-A683-4781-ADBF-E6FC71DD23D9}.Debug|x86.Build.0 = Debug|x86
		{13859849-A683-4781-ADBF-E6FC71DD23D9}.Debug|x86.Deploy.0 = Debug|x86
		{13859849-A683-4781-ADBF-E6FC71DD23D9}.Release|Any CPU.ActiveCfg = Release|x86
		{13859849-A683-4781-ADBF-E6FC71DD23D9}.Release|Any CPU.Build.0 = Release|x86
		{13859849-A683-4781-ADBF-E6FC71DD23D9}.Release|Any CPU.Deploy.0 = Release|x86
		{13859849-A683-4781-ADBF-E6FC71DD23D9}.Release|ARM.ActiveCfg = Release|ARM
		{13859849-A683-4781-ADBF-E6FC71DD23D9}.Release|ARM.Build.0 = Release|ARM
		{13859849-A683-4781-ADBF-E6FC71DD23D9}.Release|ARM.Deploy.0 = Release|ARM
		{13859849-A683-4781-ADBF-E6FC71DD23D9}.Release|iPhone.ActiveCfg = Release|x86
		{13859849-A683-4781-ADBF-E6FC71DD23D9}.Release|iPhone.Build.0 = Release|x86
		{13859849-A683-4781-ADBF-E6FC71DD23D9}.Release|iPhone.Deploy.0 = Release|x86
		{13859849-A683-4781-ADBF-E6FC71DD23D9}.Release|iPhoneSimulator.ActiveCfg = Release|x86
		{13859849-A683-4781-ADBF-E6FC71DD23D9}.Release|iPhoneSimulator.Build.0 = Release|x86
		{13859849-A683-4781-ADBF-E6FC71DD23D9}.Release|iPhoneSimulator.Deploy.0 = Release|x86
		{13859849-A683-4781-ADBF-E6FC71DD23D9}.Release|x64.ActiveCfg = Release|x64
		{13859849-A683-4781-ADBF-E6FC71DD23D9}.Release|x64.Build.0 = Release|x64
		{13859849-A683-4781-ADBF-E6FC71DD23D9}.Release|x64.Deploy.0 = Release|x64
		{13859849-A683-4781-ADBF-E6FC71DD23D9}.Release|x86.ActiveCfg = Release|x86
		{13859849-A683-4781-ADBF-E6FC71DD23D9}.Release|x86.Build.0 = Release|x86
		{13859849-A683-4781-ADBF-E6FC71DD23D9}.Release|x86.Deploy.0 = Release|x86
		{BFF9B35C-3A8C-489B-858D-E361EF40E986}.Ad-Hoc|Any CPU.ActiveCfg = Debug|Any CPU
		{BFF9B35C-3A8C-489B-858D-E361EF40E986}.Ad-Hoc|Any CPU.Build.0 = Debug|Any CPU
		{BFF9B35C-3A8C-489B-858D-E361EF40E986}.Ad-Hoc|Any CPU.Deploy.0 = Debug|Any CPU
		{BFF9B35C-3A8C-489B-858D-E361EF40E986}.Ad-Hoc|ARM.ActiveCfg = Debug|Any CPU
		{BFF9B35C-3A8C-489B-858D-E361EF40E986}.Ad-Hoc|ARM.Build.0 = Debug|Any CPU
		{BFF9B35C-3A8C-489B-858D-E361EF40E986}.Ad-Hoc|ARM.Deploy.0 = Debug|Any CPU
		{BFF9B35C-3A8C-489B-858D-E361EF40E986}.Ad-Hoc|iPhone.ActiveCfg = Debug|Any CPU
		{BFF9B35C-3A8C-489B-858D-E361EF40E986}.Ad-Hoc|iPhone.Build.0 = Debug|Any CPU
		{BFF9B35C-3A8C-489B-858D-E361EF40E986}.Ad-Hoc|iPhone.Deploy.0 = Debug|Any CPU
		{BFF9B35C-3A8C-489B-858D-E361EF40E986}.Ad-Hoc|iPhoneSimulator.ActiveCfg = Debug|Any CPU
		{BFF9B35C-3A8C-489B-858D-E361EF40E986}.Ad-Hoc|iPhoneSimulator.Build.0 = Debug|Any CPU
		{BFF9B35C-3A8C-489B-858D-E361EF40E986}.Ad-Hoc|iPhoneSimulator.Deploy.0 = Debug|Any CPU
		{BFF9B35C-3A8C-489B-858D-E361EF40E986}.Ad-Hoc|x64.ActiveCfg = Debug|Any CPU
		{BFF9B35C-3A8C-489B-858D-E361EF40E986}.Ad-Hoc|x64.Build.0 = Debug|Any CPU
		{BFF9B35C-3A8C-489B-858D-E361EF40E986}.Ad-Hoc|x64.Deploy.0 = Debug|Any CPU
		{BFF9B35C-3A8C-489B-858D-E361EF40E986}.Ad-Hoc|x86.ActiveCfg = Debug|Any CPU
		{BFF9B35C-3A8C-489B-858D-E361EF40E986}.Ad-Hoc|x86.Build.0 = Debug|Any CPU
		{BFF9B35C-3A8C-489B-858D-E361EF40E986}.Ad-Hoc|x86.Deploy.0 = Debug|Any CPU
		{BFF9B35C-3A8C-489B-858D-E361EF40E986}.AppStore|Any CPU.ActiveCfg = Debug|Any CPU
		{BFF9B35C-3A8C-489B-858D-E361EF40E986}.AppStore|Any CPU.Build.0 = Debug|Any CPU
		{BFF9B35C-3A8C-489B-858D-E361EF40E986}.AppStore|Any CPU.Deploy.0 = Debug|Any CPU
		{BFF9B35C-3A8C-489B-858D-E361EF40E986}.AppStore|ARM.ActiveCfg = Debug|Any CPU
		{BFF9B35C-3A8C-489B-858D-E361EF40E986}.AppStore|ARM.Build.0 = Debug|Any CPU
		{BFF9B35C-3A8C-489B-858D-E361EF40E986}.AppStore|ARM.Deploy.0 = Debug|Any CPU
		{BFF9B35C-3A8C-489B-858D-E361EF40E986}.AppStore|iPhone.ActiveCfg = Debug|Any CPU
		{BFF9B35C-3A8C-489B-858D-E361EF40E986}.AppStore|iPhone.Build.0 = Debug|Any CPU
		{BFF9B35C-3A8C-489B-858D-E361EF40E986}.AppStore|iPhone.Deploy.0 = Debug|Any CPU
		{BFF9B35C-3A8C-489B-858D-E361EF40E986}.AppStore|iPhoneSimulator.ActiveCfg = Debug|Any CPU
		{BFF9B35C-3A8C-489B-858D-E361EF40E986}.AppStore|iPhoneSimulator.Build.0 = Debug|Any CPU
		{BFF9B35C-3A8C-489B-858D-E361EF40E986}.AppStore|iPhoneSimulator.Deploy.0 = Debug|Any CPU
		{BFF9B35C-3A8C-489B-858D-E361EF40E986}.AppStore|x64.ActiveCfg = Debug|Any CPU
		{BFF9B35C-3A8C-489B-858D-E361EF40E986}.AppStore|x64.Build.0 = Debug|Any CPU
		{BFF9B35C-3A8C-489B-858D-E361EF40E986}.AppStore|x64.Deploy.0 = Debug|Any CPU
		{BFF9B35C-3A8C-489B-858D-E361EF40E986}.AppStore|x86.ActiveCfg = Debug|Any CPU
		{BFF9B35C-3A8C-489B-858D-E361EF40E986}.AppStore|x86.Build.0 = Debug|Any CPU
		{BFF9B35C-3A8C-489B-858D-E361EF40E986}.AppStore|x86.Deploy.0 = Debug|Any CPU
		{BFF9B35C-3A8C-489B-858D-E361EF40E986}.Debug|Any CPU.ActiveCfg = Debug|Any CPU
		{BFF9B35C-3A8C-489B-858D-E361EF40E986}.Debug|Any CPU.Build.0 = Debug|Any CPU
		{BFF9B35C-3A8C-489B-858D-E361EF40E986}.Debug|Any CPU.Deploy.0 = Debug|Any CPU
		{BFF9B35C-3A8C-489B-858D-E361EF40E986}.Debug|ARM.ActiveCfg = Debug|Any CPU
		{BFF9B35C-3A8C-489B-858D-E361EF40E986}.Debug|ARM.Build.0 = Debug|Any CPU
		{BFF9B35C-3A8C-489B-858D-E361EF40E986}.Debug|ARM.Deploy.0 = Debug|Any CPU
		{BFF9B35C-3A8C-489B-858D-E361EF40E986}.Debug|iPhone.ActiveCfg = Debug|Any CPU
		{BFF9B35C-3A8C-489B-858D-E361EF40E986}.Debug|iPhone.Build.0 = Debug|Any CPU
		{BFF9B35C-3A8C-489B-858D-E361EF40E986}.Debug|iPhone.Deploy.0 = Debug|Any CPU
		{BFF9B35C-3A8C-489B-858D-E361EF40E986}.Debug|iPhoneSimulator.ActiveCfg = Debug|Any CPU
		{BFF9B35C-3A8C-489B-858D-E361EF40E986}.Debug|iPhoneSimulator.Build.0 = Debug|Any CPU
		{BFF9B35C-3A8C-489B-858D-E361EF40E986}.Debug|iPhoneSimulator.Deploy.0 = Debug|Any CPU
		{BFF9B35C-3A8C-489B-858D-E361EF40E986}.Debug|x64.ActiveCfg = Debug|Any CPU
		{BFF9B35C-3A8C-489B-858D-E361EF40E986}.Debug|x64.Build.0 = Debug|Any CPU
		{BFF9B35C-3A8C-489B-858D-E361EF40E986}.Debug|x64.Deploy.0 = Debug|Any CPU
		{BFF9B35C-3A8C-489B-858D-E361EF40E986}.Debug|x86.ActiveCfg = Debug|Any CPU
		{BFF9B35C-3A8C-489B-858D-E361EF40E986}.Debug|x86.Build.0 = Debug|Any CPU
		{BFF9B35C-3A8C-489B-858D-E361EF40E986}.Debug|x86.Deploy.0 = Debug|Any CPU
		{BFF9B35C-3A8C-489B-858D-E361EF40E986}.Release|Any CPU.ActiveCfg = Release|Any CPU
		{BFF9B35C-3A8C-489B-858D-E361EF40E986}.Release|Any CPU.Build.0 = Release|Any CPU
		{BFF9B35C-3A8C-489B-858D-E361EF40E986}.Release|Any CPU.Deploy.0 = Release|Any CPU
		{BFF9B35C-3A8C-489B-858D-E361EF40E986}.Release|ARM.ActiveCfg = Release|Any CPU
		{BFF9B35C-3A8C-489B-858D-E361EF40E986}.Release|ARM.Build.0 = Release|Any CPU
		{BFF9B35C-3A8C-489B-858D-E361EF40E986}.Release|ARM.Deploy.0 = Release|Any CPU
		{BFF9B35C-3A8C-489B-858D-E361EF40E986}.Release|iPhone.ActiveCfg = Release|Any CPU
		{BFF9B35C-3A8C-489B-858D-E361EF40E986}.Release|iPhone.Build.0 = Release|Any CPU
		{BFF9B35C-3A8C-489B-858D-E361EF40E986}.Release|iPhone.Deploy.0 = Release|Any CPU
		{BFF9B35C-3A8C-489B-858D-E361EF40E986}.Release|iPhoneSimulator.ActiveCfg = Release|Any CPU
		{BFF9B35C-3A8C-489B-858D-E361EF40E986}.Release|iPhoneSimulator.Build.0 = Release|Any CPU
		{BFF9B35C-3A8C-489B-858D-E361EF40E986}.Release|iPhoneSimulator.Deploy.0 = Release|Any CPU
		{BFF9B35C-3A8C-489B-858D-E361EF40E986}.Release|x64.ActiveCfg = Release|Any CPU
		{BFF9B35C-3A8C-489B-858D-E361EF40E986}.Release|x64.Build.0 = Release|Any CPU
		{BFF9B35C-3A8C-489B-858D-E361EF40E986}.Release|x64.Deploy.0 = Release|Any CPU
		{BFF9B35C-3A8C-489B-858D-E361EF40E986}.Release|x86.ActiveCfg = Release|Any CPU
		{BFF9B35C-3A8C-489B-858D-E361EF40E986}.Release|x86.Build.0 = Release|Any CPU
		{BFF9B35C-3A8C-489B-858D-E361EF40E986}.Release|x86.Deploy.0 = Release|Any CPU
		{3A5BA8C0-F548-4C1F-9082-297ABCF7E3DF}.Ad-Hoc|Any CPU.ActiveCfg = Release|Any CPU
		{3A5BA8C0-F548-4C1F-9082-297ABCF7E3DF}.Ad-Hoc|Any CPU.Build.0 = Release|Any CPU
		{3A5BA8C0-F548-4C1F-9082-297ABCF7E3DF}.Ad-Hoc|ARM.ActiveCfg = Release|Any CPU
		{3A5BA8C0-F548-4C1F-9082-297ABCF7E3DF}.Ad-Hoc|ARM.Build.0 = Release|Any CPU
		{3A5BA8C0-F548-4C1F-9082-297ABCF7E3DF}.Ad-Hoc|iPhone.ActiveCfg = Release|Any CPU
		{3A5BA8C0-F548-4C1F-9082-297ABCF7E3DF}.Ad-Hoc|iPhone.Build.0 = Release|Any CPU
		{3A5BA8C0-F548-4C1F-9082-297ABCF7E3DF}.Ad-Hoc|iPhoneSimulator.ActiveCfg = Release|Any CPU
		{3A5BA8C0-F548-4C1F-9082-297ABCF7E3DF}.Ad-Hoc|iPhoneSimulator.Build.0 = Release|Any CPU
		{3A5BA8C0-F548-4C1F-9082-297ABCF7E3DF}.Ad-Hoc|x64.ActiveCfg = Release|Any CPU
		{3A5BA8C0-F548-4C1F-9082-297ABCF7E3DF}.Ad-Hoc|x64.Build.0 = Release|Any CPU
		{3A5BA8C0-F548-4C1F-9082-297ABCF7E3DF}.Ad-Hoc|x86.ActiveCfg = Release|Any CPU
		{3A5BA8C0-F548-4C1F-9082-297ABCF7E3DF}.Ad-Hoc|x86.Build.0 = Release|Any CPU
		{3A5BA8C0-F548-4C1F-9082-297ABCF7E3DF}.AppStore|Any CPU.ActiveCfg = Release|Any CPU
		{3A5BA8C0-F548-4C1F-9082-297ABCF7E3DF}.AppStore|Any CPU.Build.0 = Release|Any CPU
		{3A5BA8C0-F548-4C1F-9082-297ABCF7E3DF}.AppStore|ARM.ActiveCfg = Release|Any CPU
		{3A5BA8C0-F548-4C1F-9082-297ABCF7E3DF}.AppStore|ARM.Build.0 = Release|Any CPU
		{3A5BA8C0-F548-4C1F-9082-297ABCF7E3DF}.AppStore|iPhone.ActiveCfg = Release|Any CPU
		{3A5BA8C0-F548-4C1F-9082-297ABCF7E3DF}.AppStore|iPhone.Build.0 = Release|Any CPU
		{3A5BA8C0-F548-4C1F-9082-297ABCF7E3DF}.AppStore|iPhoneSimulator.ActiveCfg = Release|Any CPU
		{3A5BA8C0-F548-4C1F-9082-297ABCF7E3DF}.AppStore|iPhoneSimulator.Build.0 = Release|Any CPU
		{3A5BA8C0-F548-4C1F-9082-297ABCF7E3DF}.AppStore|x64.ActiveCfg = Release|Any CPU
		{3A5BA8C0-F548-4C1F-9082-297ABCF7E3DF}.AppStore|x64.Build.0 = Release|Any CPU
		{3A5BA8C0-F548-4C1F-9082-297ABCF7E3DF}.AppStore|x86.ActiveCfg = Release|Any CPU
		{3A5BA8C0-F548-4C1F-9082-297ABCF7E3DF}.AppStore|x86.Build.0 = Release|Any CPU
		{3A5BA8C0-F548-4C1F-9082-297ABCF7E3DF}.Debug|Any CPU.ActiveCfg = Debug|Any CPU
		{3A5BA8C0-F548-4C1F-9082-297ABCF7E3DF}.Debug|Any CPU.Build.0 = Debug|Any CPU
		{3A5BA8C0-F548-4C1F-9082-297ABCF7E3DF}.Debug|ARM.ActiveCfg = Debug|Any CPU
		{3A5BA8C0-F548-4C1F-9082-297ABCF7E3DF}.Debug|ARM.Build.0 = Debug|Any CPU
		{3A5BA8C0-F548-4C1F-9082-297ABCF7E3DF}.Debug|iPhone.ActiveCfg = Debug|Any CPU
		{3A5BA8C0-F548-4C1F-9082-297ABCF7E3DF}.Debug|iPhone.Build.0 = Debug|Any CPU
		{3A5BA8C0-F548-4C1F-9082-297ABCF7E3DF}.Debug|iPhoneSimulator.ActiveCfg = Debug|Any CPU
		{3A5BA8C0-F548-4C1F-9082-297ABCF7E3DF}.Debug|iPhoneSimulator.Build.0 = Debug|Any CPU
		{3A5BA8C0-F548-4C1F-9082-297ABCF7E3DF}.Debug|x64.ActiveCfg = Debug|Any CPU
		{3A5BA8C0-F548-4C1F-9082-297ABCF7E3DF}.Debug|x64.Build.0 = Debug|Any CPU
		{3A5BA8C0-F548-4C1F-9082-297ABCF7E3DF}.Debug|x86.ActiveCfg = Debug|Any CPU
		{3A5BA8C0-F548-4C1F-9082-297ABCF7E3DF}.Debug|x86.Build.0 = Debug|Any CPU
		{3A5BA8C0-F548-4C1F-9082-297ABCF7E3DF}.Release|Any CPU.ActiveCfg = Release|Any CPU
		{3A5BA8C0-F548-4C1F-9082-297ABCF7E3DF}.Release|Any CPU.Build.0 = Release|Any CPU
		{3A5BA8C0-F548-4C1F-9082-297ABCF7E3DF}.Release|ARM.ActiveCfg = Release|Any CPU
		{3A5BA8C0-F548-4C1F-9082-297ABCF7E3DF}.Release|ARM.Build.0 = Release|Any CPU
		{3A5BA8C0-F548-4C1F-9082-297ABCF7E3DF}.Release|iPhone.ActiveCfg = Release|Any CPU
		{3A5BA8C0-F548-4C1F-9082-297ABCF7E3DF}.Release|iPhone.Build.0 = Release|Any CPU
		{3A5BA8C0-F548-4C1F-9082-297ABCF7E3DF}.Release|iPhoneSimulator.ActiveCfg = Release|Any CPU
		{3A5BA8C0-F548-4C1F-9082-297ABCF7E3DF}.Release|iPhoneSimulator.Build.0 = Release|Any CPU
		{3A5BA8C0-F548-4C1F-9082-297ABCF7E3DF}.Release|x64.ActiveCfg = Release|Any CPU
		{3A5BA8C0-F548-4C1F-9082-297ABCF7E3DF}.Release|x64.Build.0 = Release|Any CPU
		{3A5BA8C0-F548-4C1F-9082-297ABCF7E3DF}.Release|x86.ActiveCfg = Release|Any CPU
		{3A5BA8C0-F548-4C1F-9082-297ABCF7E3DF}.Release|x86.Build.0 = Release|Any CPU
		{DE352EE7-3D09-4F2E-8C5F-199C5873B3F8}.Ad-Hoc|Any CPU.ActiveCfg = Release|Any CPU
		{DE352EE7-3D09-4F2E-8C5F-199C5873B3F8}.Ad-Hoc|Any CPU.Build.0 = Release|Any CPU
		{DE352EE7-3D09-4F2E-8C5F-199C5873B3F8}.Ad-Hoc|ARM.ActiveCfg = Release|Any CPU
		{DE352EE7-3D09-4F2E-8C5F-199C5873B3F8}.Ad-Hoc|ARM.Build.0 = Release|Any CPU
		{DE352EE7-3D09-4F2E-8C5F-199C5873B3F8}.Ad-Hoc|iPhone.ActiveCfg = Release|Any CPU
		{DE352EE7-3D09-4F2E-8C5F-199C5873B3F8}.Ad-Hoc|iPhone.Build.0 = Release|Any CPU
		{DE352EE7-3D09-4F2E-8C5F-199C5873B3F8}.Ad-Hoc|iPhoneSimulator.ActiveCfg = Release|Any CPU
		{DE352EE7-3D09-4F2E-8C5F-199C5873B3F8}.Ad-Hoc|iPhoneSimulator.Build.0 = Release|Any CPU
		{DE352EE7-3D09-4F2E-8C5F-199C5873B3F8}.Ad-Hoc|x64.ActiveCfg = Release|Any CPU
		{DE352EE7-3D09-4F2E-8C5F-199C5873B3F8}.Ad-Hoc|x64.Build.0 = Release|Any CPU
		{DE352EE7-3D09-4F2E-8C5F-199C5873B3F8}.Ad-Hoc|x86.ActiveCfg = Release|Any CPU
		{DE352EE7-3D09-4F2E-8C5F-199C5873B3F8}.Ad-Hoc|x86.Build.0 = Release|Any CPU
		{DE352EE7-3D09-4F2E-8C5F-199C5873B3F8}.AppStore|Any CPU.ActiveCfg = Release|Any CPU
		{DE352EE7-3D09-4F2E-8C5F-199C5873B3F8}.AppStore|Any CPU.Build.0 = Release|Any CPU
		{DE352EE7-3D09-4F2E-8C5F-199C5873B3F8}.AppStore|ARM.ActiveCfg = Release|Any CPU
		{DE352EE7-3D09-4F2E-8C5F-199C5873B3F8}.AppStore|ARM.Build.0 = Release|Any CPU
		{DE352EE7-3D09-4F2E-8C5F-199C5873B3F8}.AppStore|iPhone.ActiveCfg = Release|Any CPU
		{DE352EE7-3D09-4F2E-8C5F-199C5873B3F8}.AppStore|iPhone.Build.0 = Release|Any CPU
		{DE352EE7-3D09-4F2E-8C5F-199C5873B3F8}.AppStore|iPhoneSimulator.ActiveCfg = Release|Any CPU
		{DE352EE7-3D09-4F2E-8C5F-199C5873B3F8}.AppStore|iPhoneSimulator.Build.0 = Release|Any CPU
		{DE352EE7-3D09-4F2E-8C5F-199C5873B3F8}.AppStore|x64.ActiveCfg = Release|Any CPU
		{DE352EE7-3D09-4F2E-8C5F-199C5873B3F8}.AppStore|x64.Build.0 = Release|Any CPU
		{DE352EE7-3D09-4F2E-8C5F-199C5873B3F8}.AppStore|x86.ActiveCfg = Release|Any CPU
		{DE352EE7-3D09-4F2E-8C5F-199C5873B3F8}.AppStore|x86.Build.0 = Release|Any CPU
		{DE352EE7-3D09-4F2E-8C5F-199C5873B3F8}.Debug|Any CPU.ActiveCfg = Debug|Any CPU
		{DE352EE7-3D09-4F2E-8C5F-199C5873B3F8}.Debug|Any CPU.Build.0 = Debug|Any CPU
		{DE352EE7-3D09-4F2E-8C5F-199C5873B3F8}.Debug|ARM.ActiveCfg = Debug|Any CPU
		{DE352EE7-3D09-4F2E-8C5F-199C5873B3F8}.Debug|ARM.Build.0 = Debug|Any CPU
		{DE352EE7-3D09-4F2E-8C5F-199C5873B3F8}.Debug|iPhone.ActiveCfg = Debug|Any CPU
		{DE352EE7-3D09-4F2E-8C5F-199C5873B3F8}.Debug|iPhone.Build.0 = Debug|Any CPU
		{DE352EE7-3D09-4F2E-8C5F-199C5873B3F8}.Debug|iPhoneSimulator.ActiveCfg = Debug|Any CPU
		{DE352EE7-3D09-4F2E-8C5F-199C5873B3F8}.Debug|iPhoneSimulator.Build.0 = Debug|Any CPU
		{DE352EE7-3D09-4F2E-8C5F-199C5873B3F8}.Debug|x64.ActiveCfg = Debug|Any CPU
		{DE352EE7-3D09-4F2E-8C5F-199C5873B3F8}.Debug|x64.Build.0 = Debug|Any CPU
		{DE352EE7-3D09-4F2E-8C5F-199C5873B3F8}.Debug|x86.ActiveCfg = Debug|Any CPU
		{DE352EE7-3D09-4F2E-8C5F-199C5873B3F8}.Debug|x86.Build.0 = Debug|Any CPU
		{DE352EE7-3D09-4F2E-8C5F-199C5873B3F8}.Release|Any CPU.ActiveCfg = Release|Any CPU
		{DE352EE7-3D09-4F2E-8C5F-199C5873B3F8}.Release|Any CPU.Build.0 = Release|Any CPU
		{DE352EE7-3D09-4F2E-8C5F-199C5873B3F8}.Release|ARM.ActiveCfg = Release|Any CPU
		{DE352EE7-3D09-4F2E-8C5F-199C5873B3F8}.Release|ARM.Build.0 = Release|Any CPU
		{DE352EE7-3D09-4F2E-8C5F-199C5873B3F8}.Release|iPhone.ActiveCfg = Release|Any CPU
		{DE352EE7-3D09-4F2E-8C5F-199C5873B3F8}.Release|iPhone.Build.0 = Release|Any CPU
		{DE352EE7-3D09-4F2E-8C5F-199C5873B3F8}.Release|iPhoneSimulator.ActiveCfg = Release|Any CPU
		{DE352EE7-3D09-4F2E-8C5F-199C5873B3F8}.Release|iPhoneSimulator.Build.0 = Release|Any CPU
		{DE352EE7-3D09-4F2E-8C5F-199C5873B3F8}.Release|x64.ActiveCfg = Release|Any CPU
		{DE352EE7-3D09-4F2E-8C5F-199C5873B3F8}.Release|x64.Build.0 = Release|Any CPU
		{DE352EE7-3D09-4F2E-8C5F-199C5873B3F8}.Release|x86.ActiveCfg = Release|Any CPU
		{DE352EE7-3D09-4F2E-8C5F-199C5873B3F8}.Release|x86.Build.0 = Release|Any CPU
	EndGlobalSection
	GlobalSection(SolutionProperties) = preSolution
		HideSolutionNode = FALSE
	EndGlobalSection
	GlobalSection(ExtensibilityGlobals) = postSolution
		SolutionGuid = {4EC394AF-2884-412F-9363-94ADD5E59842}
	EndGlobalSection
EndGlobal
